
Microsoft Visual Studio Solution File, Format Version 12.00
# Visual Studio Version 17
VisualStudioVersion = 17.1.32421.90
MinimumVisualStudioVersion = 10.0.40219.1
Project("{9A19103F-16F7-4668-BE54-9A1E7A4F7556}") = "HelloWorld", "HelloWorld\HelloWorld.csproj", "{CACC35E2-FB78-401F-AEDA-E472AAEF98B1}"
EndProject
Project("{FAE04EC0-301F-11D3-BF4B-00C04F79EFBC}") = "HelloWorldTests", "HelloWorldTests\HelloWorldTests.csproj", "{8A6DFD3B-5CD7-43C4-A017-C5674F7686F8}"
EndProject
Global
	GlobalSection(SolutionConfigurationPlatforms) = preSolution
		Debug|Any CPU = Debug|Any CPU
		Release|Any CPU = Release|Any CPU
	EndGlobalSection
	GlobalSection(ProjectConfigurationPlatforms) = postSolution
		{CACC35E2-FB78-401F-AEDA-E472AAEF98B1}.Debug|Any CPU.ActiveCfg = Debug|Any CPU
		{CACC35E2-FB78-401F-AEDA-E472AAEF98B1}.Debug|Any CPU.Build.0 = Debug|Any CPU
		{CACC35E2-FB78-401F-AEDA-E472AAEF98B1}.Release|Any CPU.ActiveCfg = Release|Any CPU
		{CACC35E2-FB78-401F-AEDA-E472AAEF98B1}.Release|Any CPU.Build.0 = Release|Any CPU
		{8A6DFD3B-5CD7-43C4-A017-C5674F7686F8}.Debug|Any CPU.ActiveCfg = Debug|Any CPU
		{8A6DFD3B-5CD7-43C4-A017-C5674F7686F8}.Debug|Any CPU.Build.0 = Debug|Any CPU
		{8A6DFD3B-5CD7-43C4-A017-C5674F7686F8}.Release|Any CPU.ActiveCfg = Release|Any CPU
		{8A6DFD3B-5CD7-43C4-A017-C5674F7686F8}.Release|Any CPU.Build.0 = Release|Any CPU
	EndGlobalSection
	GlobalSection(SolutionProperties) = preSolution
		HideSolutionNode = FALSE
	EndGlobalSection
	GlobalSection(ExtensibilityGlobals) = postSolution
		SolutionGuid = {486AACA3-8C89-4C54-B79D-BAB75FD0474A}
	EndGlobalSection
EndGlobal
