
Microsoft Visual Studio Solution File, Format Version 12.00
# Visual Studio Version 17
VisualStudioVersion = 17.1.32421.90
MinimumVisualStudioVersion = 10.0.40219.1
Project("{9A19103F-16F7-4668-BE54-9A1E7A4F7556}") = "AmazonKillers.Catalogue.Api", "AmazonKillers.Catalogue.Api\AmazonKillers.Catalogue.Api.csproj", "{1FFD8733-C407-4AF9-933E-6842E2394EDC}"
EndProject
Global
	GlobalSection(SolutionConfigurationPlatforms) = preSolution
		Debug|Any CPU = Debug|Any CPU
		Release|Any CPU = Release|Any CPU
	EndGlobalSection
	GlobalSection(ProjectConfigurationPlatforms) = postSolution
		{1FFD8733-C407-4AF9-933E-6842E2394EDC}.Debug|Any CPU.ActiveCfg = Debug|Any CPU
		{1FFD8733-C407-4AF9-933E-6842E2394EDC}.Debug|Any CPU.Build.0 = Debug|Any CPU
		{1FFD8733-C407-4AF9-933E-6842E2394EDC}.Release|Any CPU.ActiveCfg = Release|Any CPU
		{1FFD8733-C407-4AF9-933E-6842E2394EDC}.Release|Any CPU.Build.0 = Release|Any CPU
	EndGlobalSection
	GlobalSection(SolutionProperties) = preSolution
		HideSolutionNode = FALSE
	EndGlobalSection
	GlobalSection(ExtensibilityGlobals) = postSolution
		SolutionGuid = {4A16EF81-B566-488C-813E-DAFD27D58DD1}
	EndGlobalSection
EndGlobal
